// !$*UTF8*$!
{
	archiveVersion = 1;
	classes = {
	};
	objectVersion = 50;
	objects = {

/* Begin PBXBuildFile section */
		BFB1B0B3213165F0009B0D2F /* AppDelegate.swift in Sources */ = {isa = PBXBuildFile; fileRef = BFB1B0B2213165F0009B0D2F /* AppDelegate.swift */; };
		BFB1B0B5213165F0009B0D2F /* MapViewController.swift in Sources */ = {isa = PBXBuildFile; fileRef = BFB1B0B4213165F0009B0D2F /* MapViewController.swift */; };
		BFB1B0BA213165F1009B0D2F /* Assets.xcassets in Resources */ = {isa = PBXBuildFile; fileRef = BFB1B0B9213165F1009B0D2F /* Assets.xcassets */; };
		BFB1B0BD213165F1009B0D2F /* LaunchScreen.storyboard in Resources */ = {isa = PBXBuildFile; fileRef = BFB1B0BB213165F1009B0D2F /* LaunchScreen.storyboard */; };
		BFB1B0C521316699009B0D2F /* MapView.swift in Sources */ = {isa = PBXBuildFile; fileRef = BFB1B0C421316699009B0D2F /* MapView.swift */; };
		BFB1B0C7213166AA009B0D2F /* MapViewPresenter.swift in Sources */ = {isa = PBXBuildFile; fileRef = BFB1B0C6213166AA009B0D2F /* MapViewPresenter.swift */; };
		BFB1B0C9213166B5009B0D2F /* MapViewInteractor.swift in Sources */ = {isa = PBXBuildFile; fileRef = BFB1B0C8213166B5009B0D2F /* MapViewInteractor.swift */; };
		BFB1B0CB2131753B009B0D2F /* SystemExtensions.swift in Sources */ = {isa = PBXBuildFile; fileRef = BFB1B0CA2131753B009B0D2F /* SystemExtensions.swift */; };
		BFB1B0CE21317FE8009B0D2F /* WeatherDetail.storyboard in Resources */ = {isa = PBXBuildFile; fileRef = BFB1B0CD21317FE8009B0D2F /* WeatherDetail.storyboard */; };
		BFB1B0D021317FFA009B0D2F /* WeatherDetailViewController.swift in Sources */ = {isa = PBXBuildFile; fileRef = BFB1B0CF21317FFA009B0D2F /* WeatherDetailViewController.swift */; };
		BFB1B0D22131802F009B0D2F /* StoryboardInstantiable.swift in Sources */ = {isa = PBXBuildFile; fileRef = BFB1B0D12131802F009B0D2F /* StoryboardInstantiable.swift */; };
		BFB1B0D421318156009B0D2F /* WeatherDetailView.swift in Sources */ = {isa = PBXBuildFile; fileRef = BFB1B0D321318156009B0D2F /* WeatherDetailView.swift */; };
		BFB1B0D62131816D009B0D2F /* WeatherDetailPresenter.swift in Sources */ = {isa = PBXBuildFile; fileRef = BFB1B0D52131816D009B0D2F /* WeatherDetailPresenter.swift */; };
		BFB1B0D821318176009B0D2F /* WeatherDetailInteractor.swift in Sources */ = {isa = PBXBuildFile; fileRef = BFB1B0D721318176009B0D2F /* WeatherDetailInteractor.swift */; };
		BFB1B0DC2131830E009B0D2F /* MapView.storyboard in Resources */ = {isa = PBXBuildFile; fileRef = BFB1B0DB2131830D009B0D2F /* MapView.storyboard */; };
		BFB1B0DE213184AA009B0D2F /* RouteType.swift in Sources */ = {isa = PBXBuildFile; fileRef = BFB1B0DD213184AA009B0D2F /* RouteType.swift */; };
		BFB1B0E1213188DD009B0D2F /* Weather.swift in Sources */ = {isa = PBXBuildFile; fileRef = BFB1B0E0213188DD009B0D2F /* Weather.swift */; };
		BFB1B0E32131891A009B0D2F /* Location.swift in Sources */ = {isa = PBXBuildFile; fileRef = BFB1B0E22131891A009B0D2F /* Location.swift */; };
/* End PBXBuildFile section */

/* Begin PBXFileReference section */
		BFB1B0AF213165EF009B0D2F /* WeatherApp.app */ = {isa = PBXFileReference; explicitFileType = wrapper.application; includeInIndex = 0; path = WeatherApp.app; sourceTree = BUILT_PRODUCTS_DIR; };
		BFB1B0B2213165F0009B0D2F /* AppDelegate.swift */ = {isa = PBXFileReference; lastKnownFileType = sourcecode.swift; path = AppDelegate.swift; sourceTree = "<group>"; };
		BFB1B0B4213165F0009B0D2F /* MapViewController.swift */ = {isa = PBXFileReference; lastKnownFileType = sourcecode.swift; path = MapViewController.swift; sourceTree = "<group>"; };
		BFB1B0B9213165F1009B0D2F /* Assets.xcassets */ = {isa = PBXFileReference; lastKnownFileType = folder.assetcatalog; path = Assets.xcassets; sourceTree = "<group>"; };
		BFB1B0BC213165F1009B0D2F /* Base */ = {isa = PBXFileReference; lastKnownFileType = file.storyboard; name = Base; path = Base.lproj/LaunchScreen.storyboard; sourceTree = "<group>"; };
		BFB1B0BE213165F1009B0D2F /* Info.plist */ = {isa = PBXFileReference; lastKnownFileType = text.plist.xml; path = Info.plist; sourceTree = "<group>"; };
		BFB1B0C421316699009B0D2F /* MapView.swift */ = {isa = PBXFileReference; lastKnownFileType = sourcecode.swift; path = MapView.swift; sourceTree = "<group>"; };
		BFB1B0C6213166AA009B0D2F /* MapViewPresenter.swift */ = {isa = PBXFileReference; lastKnownFileType = sourcecode.swift; path = MapViewPresenter.swift; sourceTree = "<group>"; };
		BFB1B0C8213166B5009B0D2F /* MapViewInteractor.swift */ = {isa = PBXFileReference; lastKnownFileType = sourcecode.swift; path = MapViewInteractor.swift; sourceTree = "<group>"; };
		BFB1B0CA2131753B009B0D2F /* SystemExtensions.swift */ = {isa = PBXFileReference; lastKnownFileType = sourcecode.swift; path = SystemExtensions.swift; sourceTree = "<group>"; };
		BFB1B0CD21317FE8009B0D2F /* WeatherDetail.storyboard */ = {isa = PBXFileReference; lastKnownFileType = file.storyboard; path = WeatherDetail.storyboard; sourceTree = "<group>"; };
		BFB1B0CF21317FFA009B0D2F /* WeatherDetailViewController.swift */ = {isa = PBXFileReference; lastKnownFileType = sourcecode.swift; path = WeatherDetailViewController.swift; sourceTree = "<group>"; };
		BFB1B0D12131802F009B0D2F /* StoryboardInstantiable.swift */ = {isa = PBXFileReference; lastKnownFileType = sourcecode.swift; path = StoryboardInstantiable.swift; sourceTree = "<group>"; };
		BFB1B0D321318156009B0D2F /* WeatherDetailView.swift */ = {isa = PBXFileReference; lastKnownFileType = sourcecode.swift; path = WeatherDetailView.swift; sourceTree = "<group>"; };
		BFB1B0D52131816D009B0D2F /* WeatherDetailPresenter.swift */ = {isa = PBXFileReference; lastKnownFileType = sourcecode.swift; path = WeatherDetailPresenter.swift; sourceTree = "<group>"; };
		BFB1B0D721318176009B0D2F /* WeatherDetailInteractor.swift */ = {isa = PBXFileReference; lastKnownFileType = sourcecode.swift; path = WeatherDetailInteractor.swift; sourceTree = "<group>"; };
		BFB1B0DB2131830D009B0D2F /* MapView.storyboard */ = {isa = PBXFileReference; fileEncoding = 4; lastKnownFileType = file.storyboard; path = MapView.storyboard; sourceTree = "<group>"; };
		BFB1B0DD213184AA009B0D2F /* RouteType.swift */ = {isa = PBXFileReference; lastKnownFileType = sourcecode.swift; path = RouteType.swift; sourceTree = "<group>"; };
		BFB1B0E0213188DD009B0D2F /* Weather.swift */ = {isa = PBXFileReference; lastKnownFileType = sourcecode.swift; path = Weather.swift; sourceTree = "<group>"; };
		BFB1B0E22131891A009B0D2F /* Location.swift */ = {isa = PBXFileReference; lastKnownFileType = sourcecode.swift; path = Location.swift; sourceTree = "<group>"; };
/* End PBXFileReference section */

/* Begin PBXFrameworksBuildPhase section */
		BFB1B0AC213165EF009B0D2F /* Frameworks */ = {
			isa = PBXFrameworksBuildPhase;
			buildActionMask = 2147483647;
			files = (
			);
			runOnlyForDeploymentPostprocessing = 0;
		};
/* End PBXFrameworksBuildPhase section */

/* Begin PBXGroup section */
		BFB1B0A6213165EF009B0D2F = {
			isa = PBXGroup;
			children = (
				BFB1B0B1213165EF009B0D2F /* WeatherApp */,
				BFB1B0B0213165EF009B0D2F /* Products */,
			);
			sourceTree = "<group>";
		};
		BFB1B0B0213165EF009B0D2F /* Products */ = {
			isa = PBXGroup;
			children = (
				BFB1B0AF213165EF009B0D2F /* WeatherApp.app */,
			);
			name = Products;
			sourceTree = "<group>";
		};
		BFB1B0B1213165EF009B0D2F /* WeatherApp */ = {
			isa = PBXGroup;
			children = (
				BFB1B0B2213165F0009B0D2F /* AppDelegate.swift */,
				BFB1B0E0213188DD009B0D2F /* Weather.swift */,
				BFB1B0E22131891A009B0D2F /* Location.swift */,
				BFB1B0DF213188D3009B0D2F /* Views */,
				BFB1B0B9213165F1009B0D2F /* Assets.xcassets */,
				BFB1B0BB213165F1009B0D2F /* LaunchScreen.storyboard */,
				BFB1B0BE213165F1009B0D2F /* Info.plist */,
				BFB1B0DA2131827F009B0D2F /* Util */,
			);
			path = WeatherApp;
			sourceTree = "<group>";
		};
		BFB1B0CC21317ACA009B0D2F /* MapView */ = {
			isa = PBXGroup;
			children = (
				BFB1B0DB2131830D009B0D2F /* MapView.storyboard */,
				BFB1B0B4213165F0009B0D2F /* MapViewController.swift */,
				BFB1B0C421316699009B0D2F /* MapView.swift */,
				BFB1B0C6213166AA009B0D2F /* MapViewPresenter.swift */,
				BFB1B0C8213166B5009B0D2F /* MapViewInteractor.swift */,
			);
			path = MapView;
			sourceTree = "<group>";
		};
		BFB1B0D9213181BF009B0D2F /* WeatherDetailView */ = {
			isa = PBXGroup;
			children = (
				BFB1B0CD21317FE8009B0D2F /* WeatherDetail.storyboard */,
				BFB1B0CF21317FFA009B0D2F /* WeatherDetailViewController.swift */,
				BFB1B0D321318156009B0D2F /* WeatherDetailView.swift */,
				BFB1B0D52131816D009B0D2F /* WeatherDetailPresenter.swift */,
				BFB1B0D721318176009B0D2F /* WeatherDetailInteractor.swift */,
			);
			path = WeatherDetailView;
			sourceTree = "<group>";
		};
		BFB1B0DA2131827F009B0D2F /* Util */ = {
			isa = PBXGroup;
			children = (
				BFB1B0D12131802F009B0D2F /* StoryboardInstantiable.swift */,
				BFB1B0CA2131753B009B0D2F /* SystemExtensions.swift */,
				BFB1B0DD213184AA009B0D2F /* RouteType.swift */,
			);
			path = Util;
			sourceTree = "<group>";
		};
		BFB1B0DF213188D3009B0D2F /* Views */ = {
			isa = PBXGroup;
			children = (
				BFB1B0D9213181BF009B0D2F /* WeatherDetailView */,
				BFB1B0CC21317ACA009B0D2F /* MapView */,
			);
			path = Views;
			sourceTree = "<group>";
		};
/* End PBXGroup section */

/* Begin PBXNativeTarget section */
		BFB1B0AE213165EF009B0D2F /* WeatherApp */ = {
			isa = PBXNativeTarget;
			buildConfigurationList = BFB1B0C1213165F1009B0D2F /* Build configuration list for PBXNativeTarget "WeatherApp" */;
			buildPhases = (
				BFB1B0AB213165EF009B0D2F /* Sources */,
				BFB1B0AC213165EF009B0D2F /* Frameworks */,
				BFB1B0AD213165EF009B0D2F /* Resources */,
			);
			buildRules = (
			);
			dependencies = (
			);
			name = WeatherApp;
			productName = WeatherApp;
			productReference = BFB1B0AF213165EF009B0D2F /* WeatherApp.app */;
			productType = "com.apple.product-type.application";
		};
/* End PBXNativeTarget section */

/* Begin PBXProject section */
		BFB1B0A7213165EF009B0D2F /* Project object */ = {
			isa = PBXProject;
			attributes = {
				LastSwiftUpdateCheck = 0940;
				LastUpgradeCheck = 0940;
				ORGANIZATIONNAME = "Stephen Walsh";
				TargetAttributes = {
					BFB1B0AE213165EF009B0D2F = {
						CreatedOnToolsVersion = 9.4.1;
					};
				};
			};
			buildConfigurationList = BFB1B0AA213165EF009B0D2F /* Build configuration list for PBXProject "WeatherApp" */;
			compatibilityVersion = "Xcode 9.3";
			developmentRegion = en;
			hasScannedForEncodings = 0;
			knownRegions = (
				en,
				Base,
			);
			mainGroup = BFB1B0A6213165EF009B0D2F;
			productRefGroup = BFB1B0B0213165EF009B0D2F /* Products */;
			projectDirPath = "";
			projectRoot = "";
			targets = (
				BFB1B0AE213165EF009B0D2F /* WeatherApp */,
			);
		};
/* End PBXProject section */

/* Begin PBXResourcesBuildPhase section */
		BFB1B0AD213165EF009B0D2F /* Resources */ = {
			isa = PBXResourcesBuildPhase;
			buildActionMask = 2147483647;
			files = (
				BFB1B0BD213165F1009B0D2F /* LaunchScreen.storyboard in Resources */,
				BFB1B0DC2131830E009B0D2F /* MapView.storyboard in Resources */,
				BFB1B0BA213165F1009B0D2F /* Assets.xcassets in Resources */,
				BFB1B0CE21317FE8009B0D2F /* WeatherDetail.storyboard in Resources */,
			);
			runOnlyForDeploymentPostprocessing = 0;
		};
/* End PBXResourcesBuildPhase section */

/* Begin PBXSourcesBuildPhase section */
		BFB1B0AB213165EF009B0D2F /* Sources */ = {
			isa = PBXSourcesBuildPhase;
			buildActionMask = 2147483647;
			files = (
				BFB1B0CB2131753B009B0D2F /* SystemExtensions.swift in Sources */,
				BFB1B0B5213165F0009B0D2F /* MapViewController.swift in Sources */,
				BFB1B0C9213166B5009B0D2F /* MapViewInteractor.swift in Sources */,
				BFB1B0D021317FFA009B0D2F /* WeatherDetailViewController.swift in Sources */,
				BFB1B0C521316699009B0D2F /* MapView.swift in Sources */,
				BFB1B0C7213166AA009B0D2F /* MapViewPresenter.swift in Sources */,
				BFB1B0E32131891A009B0D2F /* Location.swift in Sources */,
				BFB1B0D821318176009B0D2F /* WeatherDetailInteractor.swift in Sources */,
				BFB1B0DE213184AA009B0D2F /* RouteType.swift in Sources */,
				BFB1B0E1213188DD009B0D2F /* Weather.swift in Sources */,
				BFB1B0D421318156009B0D2F /* WeatherDetailView.swift in Sources */,
				BFB1B0D22131802F009B0D2F /* StoryboardInstantiable.swift in Sources */,
				BFB1B0D62131816D009B0D2F /* WeatherDetailPresenter.swift in Sources */,
				BFB1B0B3213165F0009B0D2F /* AppDelegate.swift in Sources */,
			);
			runOnlyForDeploymentPostprocessing = 0;
		};
/* End PBXSourcesBuildPhase section */

/* Begin PBXVariantGroup section */
		BFB1B0BB213165F1009B0D2F /* LaunchScreen.storyboard */ = {
			isa = PBXVariantGroup;
			children = (
				BFB1B0BC213165F1009B0D2F /* Base */,
			);
			name = LaunchScreen.storyboard;
			sourceTree = "<group>";
		};
/* End PBXVariantGroup section */

/* Begin XCBuildConfiguration section */
		BFB1B0BF213165F1009B0D2F /* Debug */ = {
			isa = XCBuildConfiguration;
			buildSettings = {
				ALWAYS_SEARCH_USER_PATHS = NO;
				CLANG_ANALYZER_NONNULL = YES;
				CLANG_ANALYZER_NUMBER_OBJECT_CONVERSION = YES_AGGRESSIVE;
				CLANG_CXX_LANGUAGE_STANDARD = "gnu++14";
				CLANG_CXX_LIBRARY = "libc++";
				CLANG_ENABLE_MODULES = YES;
				CLANG_ENABLE_OBJC_ARC = YES;
				CLANG_ENABLE_OBJC_WEAK = YES;
				CLANG_WARN_BLOCK_CAPTURE_AUTORELEASING = YES;
				CLANG_WARN_BOOL_CONVERSION = YES;
				CLANG_WARN_COMMA = YES;
				CLANG_WARN_CONSTANT_CONVERSION = YES;
				CLANG_WARN_DEPRECATED_OBJC_IMPLEMENTATIONS = YES;
				CLANG_WARN_DIRECT_OBJC_ISA_USAGE = YES_ERROR;
				CLANG_WARN_DOCUMENTATION_COMMENTS = YES;
				CLANG_WARN_EMPTY_BODY = YES;
				CLANG_WARN_ENUM_CONVERSION = YES;
				CLANG_WARN_INFINITE_RECURSION = YES;
				CLANG_WARN_INT_CONVERSION = YES;
				CLANG_WARN_NON_LITERAL_NULL_CONVERSION = YES;
				CLANG_WARN_OBJC_IMPLICIT_RETAIN_SELF = YES;
				CLANG_WARN_OBJC_LITERAL_CONVERSION = YES;
				CLANG_WARN_OBJC_ROOT_CLASS = YES_ERROR;
				CLANG_WARN_RANGE_LOOP_ANALYSIS = YES;
				CLANG_WARN_STRICT_PROTOTYPES = YES;
				CLANG_WARN_SUSPICIOUS_MOVE = YES;
				CLANG_WARN_UNGUARDED_AVAILABILITY = YES_AGGRESSIVE;
				CLANG_WARN_UNREACHABLE_CODE = YES;
				CLANG_WARN__DUPLICATE_METHOD_MATCH = YES;
				CODE_SIGN_IDENTITY = "iPhone Developer";
				COPY_PHASE_STRIP = NO;
				DEBUG_INFORMATION_FORMAT = dwarf;
				ENABLE_STRICT_OBJC_MSGSEND = YES;
				ENABLE_TESTABILITY = YES;
				GCC_C_LANGUAGE_STANDARD = gnu11;
				GCC_DYNAMIC_NO_PIC = NO;
				GCC_NO_COMMON_BLOCKS = YES;
				GCC_OPTIMIZATION_LEVEL = 0;
				GCC_PREPROCESSOR_DEFINITIONS = (
					"DEBUG=1",
					"$(inherited)",
				);
				GCC_WARN_64_TO_32_BIT_CONVERSION = YES;
				GCC_WARN_ABOUT_RETURN_TYPE = YES_ERROR;
				GCC_WARN_UNDECLARED_SELECTOR = YES;
				GCC_WARN_UNINITIALIZED_AUTOS = YES_AGGRESSIVE;
				GCC_WARN_UNUSED_FUNCTION = YES;
				GCC_WARN_UNUSED_VARIABLE = YES;
				IPHONEOS_DEPLOYMENT_TARGET = 11.4;
				MTL_ENABLE_DEBUG_INFO = YES;
				ONLY_ACTIVE_ARCH = YES;
				SDKROOT = iphoneos;
				SWIFT_ACTIVE_COMPILATION_CONDITIONS = DEBUG;
				SWIFT_OPTIMIZATION_LEVEL = "-Onone";
			};
			name = Debug;
		};
		BFB1B0C0213165F1009B0D2F /* Release */ = {
			isa = XCBuildConfiguration;
			buildSettings = {
				ALWAYS_SEARCH_USER_PATHS = NO;
				CLANG_ANALYZER_NONNULL = YES;
				CLANG_ANALYZER_NUMBER_OBJECT_CONVERSION = YES_AGGRESSIVE;
				CLANG_CXX_LANGUAGE_STANDARD = "gnu++14";
				CLANG_CXX_LIBRARY = "libc++";
				CLANG_ENABLE_MODULES = YES;
				CLANG_ENABLE_OBJC_ARC = YES;
				CLANG_ENABLE_OBJC_WEAK = YES;
				CLANG_WARN_BLOCK_CAPTURE_AUTORELEASING = YES;
				CLANG_WARN_BOOL_CONVERSION = YES;
				CLANG_WARN_COMMA = YES;
				CLANG_WARN_CONSTANT_CONVERSION = YES;
				CLANG_WARN_DEPRECATED_OBJC_IMPLEMENTATIONS = YES;
				CLANG_WARN_DIRECT_OBJC_ISA_USAGE = YES_ERROR;
				CLANG_WARN_DOCUMENTATION_COMMENTS = YES;
				CLANG_WARN_EMPTY_BODY = YES;
				CLANG_WARN_ENUM_CONVERSION = YES;
				CLANG_WARN_INFINITE_RECURSION = YES;
				CLANG_WARN_INT_CONVERSION = YES;
				CLANG_WARN_NON_LITERAL_NULL_CONVERSION = YES;
				CLANG_WARN_OBJC_IMPLICIT_RETAIN_SELF = YES;
				CLANG_WARN_OBJC_LITERAL_CONVERSION = YES;
				CLANG_WARN_OBJC_ROOT_CLASS = YES_ERROR;
				CLANG_WARN_RANGE_LOOP_ANALYSIS = YES;
				CLANG_WARN_STRICT_PROTOTYPES = YES;
				CLANG_WARN_SUSPICIOUS_MOVE = YES;
				CLANG_WARN_UNGUARDED_AVAILABILITY = YES_AGGRESSIVE;
				CLANG_WARN_UNREACHABLE_CODE = YES;
				CLANG_WARN__DUPLICATE_METHOD_MATCH = YES;
				CODE_SIGN_IDENTITY = "iPhone Developer";
				COPY_PHASE_STRIP = NO;
				DEBUG_INFORMATION_FORMAT = "dwarf-with-dsym";
				ENABLE_NS_ASSERTIONS = NO;
				ENABLE_STRICT_OBJC_MSGSEND = YES;
				GCC_C_LANGUAGE_STANDARD = gnu11;
				GCC_NO_COMMON_BLOCKS = YES;
				GCC_WARN_64_TO_32_BIT_CONVERSION = YES;
				GCC_WARN_ABOUT_RETURN_TYPE = YES_ERROR;
				GCC_WARN_UNDECLARED_SELECTOR = YES;
				GCC_WARN_UNINITIALIZED_AUTOS = YES_AGGRESSIVE;
				GCC_WARN_UNUSED_FUNCTION = YES;
				GCC_WARN_UNUSED_VARIABLE = YES;
				IPHONEOS_DEPLOYMENT_TARGET = 11.4;
				MTL_ENABLE_DEBUG_INFO = NO;
				SDKROOT = iphoneos;
				SWIFT_COMPILATION_MODE = wholemodule;
				SWIFT_OPTIMIZATION_LEVEL = "-O";
				VALIDATE_PRODUCT = YES;
			};
			name = Release;
		};
		BFB1B0C2213165F1009B0D2F /* Debug */ = {
			isa = XCBuildConfiguration;
			buildSettings = {
				ASSETCATALOG_COMPILER_APPICON_NAME = AppIcon;
				CODE_SIGN_STYLE = Automatic;
				DEVELOPMENT_TEAM = 29XC7B4KB4;
				INFOPLIST_FILE = WeatherApp/Info.plist;
				IPHONEOS_DEPLOYMENT_TARGET = 11.0;
				LD_RUNPATH_SEARCH_PATHS = (
					"$(inherited)",
					"@executable_path/Frameworks",
				);
				PRODUCT_BUNDLE_IDENTIFIER = com.sfwalsh.WeatherApp;
				PRODUCT_NAME = "$(TARGET_NAME)";
				SWIFT_VERSION = 4.0;
				TARGETED_DEVICE_FAMILY = "1,2";
			};
			name = Debug;
		};
		BFB1B0C3213165F1009B0D2F /* Release */ = {
			isa = XCBuildConfiguration;
			buildSettings = {
				ASSETCATALOG_COMPILER_APPICON_NAME = AppIcon;
				CODE_SIGN_STYLE = Automatic;
				DEVELOPMENT_TEAM = 29XC7B4KB4;
				INFOPLIST_FILE = WeatherApp/Info.plist;
				IPHONEOS_DEPLOYMENT_TARGET = 11.0;
				LD_RUNPATH_SEARCH_PATHS = (
					"$(inherited)",
					"@executable_path/Frameworks",
				);
				PRODUCT_BUNDLE_IDENTIFIER = com.sfwalsh.WeatherApp;
				PRODUCT_NAME = "$(TARGET_NAME)";
				SWIFT_VERSION = 4.0;
				TARGETED_DEVICE_FAMILY = "1,2";
			};
			name = Release;
		};
/* End XCBuildConfiguration section */

/* Begin XCConfigurationList section */
		BFB1B0AA213165EF009B0D2F /* Build configuration list for PBXProject "WeatherApp" */ = {
			isa = XCConfigurationList;
			buildConfigurations = (
				BFB1B0BF213165F1009B0D2F /* Debug */,
				BFB1B0C0213165F1009B0D2F /* Release */,
			);
			defaultConfigurationIsVisible = 0;
			defaultConfigurationName = Release;
		};
		BFB1B0C1213165F1009B0D2F /* Build configuration list for PBXNativeTarget "WeatherApp" */ = {
			isa = XCConfigurationList;
			buildConfigurations = (
				BFB1B0C2213165F1009B0D2F /* Debug */,
				BFB1B0C3213165F1009B0D2F /* Release */,
			);
			defaultConfigurationIsVisible = 0;
			defaultConfigurationName = Release;
		};
/* End XCConfigurationList section */
	};
	rootObject = BFB1B0A7213165EF009B0D2F /* Project object */;
}
